
Microsoft Visual Studio Solution File, Format Version 12.00
# Visual Studio Version 17
VisualStudioVersion = 17.1.32328.378
MinimumVisualStudioVersion = 10.0.40219.1
Project("{FAE04EC0-301F-11D3-BF4B-00C04F79EFBC}") = "WindowsFormsApp2", "WindowsFormsApp2.csproj", "{6DF9E477-09E4-4864-8FD5-3764CF9A9222}"
EndProject
Global
	GlobalSection(SolutionConfigurationPlatforms) = preSolution
		Debug|Any CPU = Debug|Any CPU
		Release|Any CPU = Release|Any CPU
	EndGlobalSection
	GlobalSection(ProjectConfigurationPlatforms) = postSolution
		{6DF9E477-09E4-4864-8FD5-3764CF9A9222}.Debug|Any CPU.ActiveCfg = Debug|Any CPU
		{6DF9E477-09E4-4864-8FD5-3764CF9A9222}.Debug|Any CPU.Build.0 = Debug|Any CPU
		{6DF9E477-09E4-4864-8FD5-3764CF9A9222}.Release|Any CPU.ActiveCfg = Release|Any CPU
		{6DF9E477-09E4-4864-8FD5-3764CF9A9222}.Release|Any CPU.Build.0 = Release|Any CPU
	EndGlobalSection
	GlobalSection(SolutionProperties) = preSolution
		HideSolutionNode = FALSE
	EndGlobalSection
	GlobalSection(ExtensibilityGlobals) = postSolution
		SolutionGuid = {BEC48A4E-BD47-48B8-B96C-C7C7817F0895}
	EndGlobalSection
EndGlobal
